
Microsoft Visual Studio Solution File, Format Version 12.00
# Visual Studio Version 16
VisualStudioVersion = 16.0.32106.194
MinimumVisualStudioVersion = 10.0.40219.1
Project("{FAE04EC0-301F-11D3-BF4B-00C04F79EFBC}") = "NexbenExercise", "NexbenExercise\NexbenExercise.csproj", "{F64B73B4-8FC0-4CA3-858D-07F4F7F6445A}"
EndProject
Project("{FAE04EC0-301F-11D3-BF4B-00C04F79EFBC}") = "UnitTests", "UnitTests\UnitTests.csproj", "{220EE1F1-8CBE-455E-AC63-1624CDE1AE75}"
EndProject
Global
	GlobalSection(SolutionConfigurationPlatforms) = preSolution
		Debug|Any CPU = Debug|Any CPU
		Release|Any CPU = Release|Any CPU
	EndGlobalSection
	GlobalSection(ProjectConfigurationPlatforms) = postSolution
		{F64B73B4-8FC0-4CA3-858D-07F4F7F6445A}.Debug|Any CPU.ActiveCfg = Debug|Any CPU
		{F64B73B4-8FC0-4CA3-858D-07F4F7F6445A}.Debug|Any CPU.Build.0 = Debug|Any CPU
		{F64B73B4-8FC0-4CA3-858D-07F4F7F6445A}.Release|Any CPU.ActiveCfg = Release|Any CPU
		{F64B73B4-8FC0-4CA3-858D-07F4F7F6445A}.Release|Any CPU.Build.0 = Release|Any CPU
		{220EE1F1-8CBE-455E-AC63-1624CDE1AE75}.Debug|Any CPU.ActiveCfg = Debug|Any CPU
		{220EE1F1-8CBE-455E-AC63-1624CDE1AE75}.Debug|Any CPU.Build.0 = Debug|Any CPU
		{220EE1F1-8CBE-455E-AC63-1624CDE1AE75}.Release|Any CPU.ActiveCfg = Release|Any CPU
		{220EE1F1-8CBE-455E-AC63-1624CDE1AE75}.Release|Any CPU.Build.0 = Release|Any CPU
	EndGlobalSection
	GlobalSection(SolutionProperties) = preSolution
		HideSolutionNode = FALSE
	EndGlobalSection
	GlobalSection(ExtensibilityGlobals) = postSolution
		SolutionGuid = {133DCA65-866C-42D7-811F-C735E619DEB6}
	EndGlobalSection
EndGlobal
